{
  "name": "alpine-node-1",
  "lockfileVersion": 2,
  "requires": true,
  "packages": {
    "": {
      "dependencies": {
        "graceful-fs": "4.2.11",
        "lodash": "4.17.21",
        "luxon": "3.4.3"
      }
    },
    "node_modules/graceful-fs": {
      "version": "4.2.11",
      "resolved": "https://registry.npmjs.org/graceful-fs/-/graceful-fs-4.2.11.tgz",
      "integrity": "sha512-RbJ5/jmFcNNCcDV5o9eTnBLJ/HszWV0P73bc+Ff4nS/rJj+YaS6IGyiOL0VoBYX+l1Wrl3k63h/KrH+nhJ0XvQ=="
    },
    "node_modules/lodash": {
      "version": "4.17.21",
      "resolved": "https://registry.npmjs.org/lodash/-/lodash-4.17.21.tgz",
      "integrity": "sha512-v2kDEe57lecTulaDIuNTPy3Ry4gLGJ6Z1O3vE1krgXZNrsQ+LFTGHVxVjcXPs17LhbZVGedAJv8XZ1tvj5FvSg=="
    },
    "node_modules/luxon": {
      "version": "3.4.3",
      "resolved": "https://registry.npmjs.org/luxon/-/luxon-3.4.3.tgz",
      "integrity": "sha512-tFWBiv3h7z+T/tDaoxA8rqTxy1CHV6gHS//QdaH4pulbq/JuBSGgQspQQqcgnwdAx6pNI7cmvz5Sv/addzHmUg==",
      "engines": {
        "node": ">=12"
      }
    }
  },
  "dependencies": {
    "graceful-fs": {
      "version": "4.2.11",
      "resolved": "https://registry.npmjs.org/graceful-fs/-/graceful-fs-4.2.11.tgz",
      "integrity": "sha512-RbJ5/jmFcNNCcDV5o9eTnBLJ/HszWV0P73bc+Ff4nS/rJj+YaS6IGyiOL0VoBYX+l1Wrl3k63h/KrH+nhJ0XvQ=="
    },
    "lodash": {
      "version": "4.17.21",
      "resolved": "https://registry.npmjs.org/lodash/-/lodash-4.17.21.tgz",
      "integrity": "sha512-v2kDEe57lecTulaDIuNTPy3Ry4gLGJ6Z1O3vE1krgXZNrsQ+LFTGHVxVjcXPs17LhbZVGedAJv8XZ1tvj5FvSg=="
    },
    "luxon": {
      "version": "3.4.3",
      "resolved": "https://registry.npmjs.org/luxon/-/luxon-3.4.3.tgz",
      "integrity": "sha512-tFWBiv3h7z+T/tDaoxA8rqTxy1CHV6gHS//QdaH4pulbq/JuBSGgQspQQqcgnwdAx6pNI7cmvz5Sv/addzHmUg=="
    }
  }
}
